{
  "name": "@alttiri/util-js",
  "version": "1.9.2-20240524",
  "lockfileVersion": 2,
  "requires": true,
  "packages": {
    "": {
      "name": "@alttiri/util-js",
      "version": "1.9.2-20240524",
      "license": "MIT",
      "devDependencies": {
        "@alttiri/util-node-js": "2.0.10-20240530",
        "typescript": "5.4.5"
      }
    },
    "node_modules/@alttiri/util-js": {
      "version": "1.9.0",
      "resolved": "https://registry.npmjs.org/@alttiri/util-js/-/util-js-1.9.0.tgz",
      "integrity": "sha512-miv7bQplr70DmYn28GFVvBNbmiik0XCo5y+2IF3ZFYeiAEdPwtoK7Apa4UAvl8D6OwBSK++BPZm80LG3g4TH4Q==",
      "dev": true
    },
    "node_modules/@alttiri/util-node-js": {
      "version": "2.0.10-20240530",
      "resolved": "https://registry.npmjs.org/@alttiri/util-node-js/-/util-node-js-2.0.10-20240530.tgz",
      "integrity": "sha512-0+7GlQYNybSdqZF2To0maTMYDGbe4RRKjjYzSq+wm4EXj/T0hZCfyQAFg09SRThD+21ld9b1Ej4GWUaYV5krIA==",
      "dev": true,
      "dependencies": {
        "@alttiri/util-js": "1.9.0"
      }
    },
    "node_modules/typescript": {
      "version": "5.4.5",
      "resolved": "https://registry.npmjs.org/typescript/-/typescript-5.4.5.tgz",
      "integrity": "sha512-vcI4UpRgg81oIRUFwR0WSIHKt11nJ7SAVlYNIu+QpqeyXP+gpQJy/Z4+F0aGxSE4MqwjyXvW/TzgkLAx2AGHwQ==",
      "dev": true,
      "bin": {
        "tsc": "bin/tsc",
        "tsserver": "bin/tsserver"
      },
      "engines": {
        "node": ">=14.17"
      }
    }
  },
  "dependencies": {
    "@alttiri/util-js": {
      "version": "1.9.0",
      "resolved": "https://registry.npmjs.org/@alttiri/util-js/-/util-js-1.9.0.tgz",
      "integrity": "sha512-miv7bQplr70DmYn28GFVvBNbmiik0XCo5y+2IF3ZFYeiAEdPwtoK7Apa4UAvl8D6OwBSK++BPZm80LG3g4TH4Q==",
      "dev": true
    },
    "@alttiri/util-node-js": {
      "version": "2.0.10-20240530",
      "resolved": "https://registry.npmjs.org/@alttiri/util-node-js/-/util-node-js-2.0.10-20240530.tgz",
      "integrity": "sha512-0+7GlQYNybSdqZF2To0maTMYDGbe4RRKjjYzSq+wm4EXj/T0hZCfyQAFg09SRThD+21ld9b1Ej4GWUaYV5krIA==",
      "dev": true,
      "requires": {
        "@alttiri/util-js": "1.9.0"
      }
    },
    "typescript": {
      "version": "5.4.5",
      "resolved": "https://registry.npmjs.org/typescript/-/typescript-5.4.5.tgz",
      "integrity": "sha512-vcI4UpRgg81oIRUFwR0WSIHKt11nJ7SAVlYNIu+QpqeyXP+gpQJy/Z4+F0aGxSE4MqwjyXvW/TzgkLAx2AGHwQ==",
      "dev": true
    }
  }
}
